
Microsoft Visual Studio Solution File, Format Version 12.00
Project("{2150E333-8FDC-42A3-9474-1A3956D46DE8}") = "Layers", "Layers", "{9C7661C8-A46B-4820-A24E-3F10EDFC2419}"
EndProject
Project("{2150E333-8FDC-42A3-9474-1A3956D46DE8}") = "Application", "Application", "{65B7ED0A-33CF-4CF9-A18B-ACF23B982E3D}"
EndProject
Project("{2150E333-8FDC-42A3-9474-1A3956D46DE8}") = "Domain", "Domain", "{3DB35CBA-B60E-453E-A113-4CE9438B43B0}"
EndProject
Project("{2150E333-8FDC-42A3-9474-1A3956D46DE8}") = "Infrastructure", "Infrastructure", "{544DD204-AB21-4673-AD35-1EB8A559FF34}"
EndProject
Project("{2150E333-8FDC-42A3-9474-1A3956D46DE8}") = "Presentation", "Presentation", "{FA65CC84-7739-4E05-8FEB-5E898DB828CA}"
EndProject
Project("{FAE04EC0-301F-11D3-BF4B-00C04F79EFBC}") = "Application.API", "Layers\Application\Application.API\Application.API.csproj", "{E5BD0637-0538-48B4-8831-601876F0525D}"
EndProject
Project("{FAE04EC0-301F-11D3-BF4B-00C04F79EFBC}") = "Domain.API", "Layers\Domain\Domain.API\Domain.API.csproj", "{4B543816-B125-48D4-A5F6-CE810F85DD9E}"
EndProject
Project("{FAE04EC0-301F-11D3-BF4B-00C04F79EFBC}") = "Infrastructure.API", "Layers\Infrastructure\Infrastructure.API\Infrastructure.API.csproj", "{7B007312-C95C-427D-96EE-A76ADFAE16D3}"
EndProject
Project("{FAE04EC0-301F-11D3-BF4B-00C04F79EFBC}") = "Presentation.API", "Layers\Presentation\Presentation.API\Presentation.API.csproj", "{20D114AB-D64A-46D9-9C3D-8D72092F6CA0}"
EndProject
Global
	GlobalSection(SolutionConfigurationPlatforms) = preSolution
		Debug|Any CPU = Debug|Any CPU
		Release|Any CPU = Release|Any CPU
	EndGlobalSection
	GlobalSection(NestedProjects) = preSolution
		{65B7ED0A-33CF-4CF9-A18B-ACF23B982E3D} = {9C7661C8-A46B-4820-A24E-3F10EDFC2419}
		{3DB35CBA-B60E-453E-A113-4CE9438B43B0} = {9C7661C8-A46B-4820-A24E-3F10EDFC2419}
		{544DD204-AB21-4673-AD35-1EB8A559FF34} = {9C7661C8-A46B-4820-A24E-3F10EDFC2419}
		{FA65CC84-7739-4E05-8FEB-5E898DB828CA} = {9C7661C8-A46B-4820-A24E-3F10EDFC2419}
		{E5BD0637-0538-48B4-8831-601876F0525D} = {65B7ED0A-33CF-4CF9-A18B-ACF23B982E3D}
		{4B543816-B125-48D4-A5F6-CE810F85DD9E} = {3DB35CBA-B60E-453E-A113-4CE9438B43B0}
		{7B007312-C95C-427D-96EE-A76ADFAE16D3} = {544DD204-AB21-4673-AD35-1EB8A559FF34}
		{20D114AB-D64A-46D9-9C3D-8D72092F6CA0} = {FA65CC84-7739-4E05-8FEB-5E898DB828CA}
	EndGlobalSection
	GlobalSection(ProjectConfigurationPlatforms) = postSolution
		{E5BD0637-0538-48B4-8831-601876F0525D}.Debug|Any CPU.ActiveCfg = Debug|Any CPU
		{E5BD0637-0538-48B4-8831-601876F0525D}.Debug|Any CPU.Build.0 = Debug|Any CPU
		{E5BD0637-0538-48B4-8831-601876F0525D}.Release|Any CPU.ActiveCfg = Release|Any CPU
		{E5BD0637-0538-48B4-8831-601876F0525D}.Release|Any CPU.Build.0 = Release|Any CPU
		{4B543816-B125-48D4-A5F6-CE810F85DD9E}.Debug|Any CPU.ActiveCfg = Debug|Any CPU
		{4B543816-B125-48D4-A5F6-CE810F85DD9E}.Debug|Any CPU.Build.0 = Debug|Any CPU
		{4B543816-B125-48D4-A5F6-CE810F85DD9E}.Release|Any CPU.ActiveCfg = Release|Any CPU
		{4B543816-B125-48D4-A5F6-CE810F85DD9E}.Release|Any CPU.Build.0 = Release|Any CPU
		{7B007312-C95C-427D-96EE-A76ADFAE16D3}.Debug|Any CPU.ActiveCfg = Debug|Any CPU
		{7B007312-C95C-427D-96EE-A76ADFAE16D3}.Debug|Any CPU.Build.0 = Debug|Any CPU
		{7B007312-C95C-427D-96EE-A76ADFAE16D3}.Release|Any CPU.ActiveCfg = Release|Any CPU
		{7B007312-C95C-427D-96EE-A76ADFAE16D3}.Release|Any CPU.Build.0 = Release|Any CPU
		{20D114AB-D64A-46D9-9C3D-8D72092F6CA0}.Debug|Any CPU.ActiveCfg = Debug|Any CPU
		{20D114AB-D64A-46D9-9C3D-8D72092F6CA0}.Debug|Any CPU.Build.0 = Debug|Any CPU
		{20D114AB-D64A-46D9-9C3D-8D72092F6CA0}.Release|Any CPU.ActiveCfg = Release|Any CPU
		{20D114AB-D64A-46D9-9C3D-8D72092F6CA0}.Release|Any CPU.Build.0 = Release|Any CPU
	EndGlobalSection
EndGlobal
