
Microsoft Visual Studio Solution File, Format Version 12.00
Project("{2150E333-8FDC-42A3-9474-1A3956D46DE8}") = "Layers", "Layers", "{8486CE42-104A-46C7-A047-038D4490BBA7}"
EndProject
Project("{2150E333-8FDC-42A3-9474-1A3956D46DE8}") = "Application", "Application", "{7A5BDA83-D42B-4F53-BAA4-6129C7B18189}"
EndProject
Project("{2150E333-8FDC-42A3-9474-1A3956D46DE8}") = "Domain", "Domain", "{6C01B301-94C1-4B88-998F-2E1F81780F5C}"
EndProject
Project("{2150E333-8FDC-42A3-9474-1A3956D46DE8}") = "Infrastructure", "Infrastructure", "{67750F86-DDD4-43C6-A901-2CF0E964BE2F}"
EndProject
Project("{2150E333-8FDC-42A3-9474-1A3956D46DE8}") = "Presentation", "Presentation", "{A66FBAD9-D49D-4CAF-986B-84D2CDCB15B9}"
EndProject
Project("{FAE04EC0-301F-11D3-BF4B-00C04F79EFBC}") = "Application.API", "Layers\Application\Application.API\Application.API.csproj", "{02D3567D-01DC-4BA5-BEEE-D0DABC6900E7}"
EndProject
Project("{FAE04EC0-301F-11D3-BF4B-00C04F79EFBC}") = "Domain.API", "Layers\Domain\Domain.API\Domain.API.csproj", "{83A5CB4D-46AE-408F-AE56-BCDECD19A4EB}"
EndProject
Project("{FAE04EC0-301F-11D3-BF4B-00C04F79EFBC}") = "Infrastructure.API", "Layers\Infrastructure\Infrastructure.API\Infrastructure.API.csproj", "{8AC8D29D-FF98-4E4C-8CC8-F2D0AEFD2925}"
EndProject
Project("{FAE04EC0-301F-11D3-BF4B-00C04F79EFBC}") = "Presentation.API", "Layers\Presentation\Presentation.API\Presentation.API.csproj", "{0039BFFF-488E-4894-B067-420C3B1C6055}"
EndProject
Global
	GlobalSection(SolutionConfigurationPlatforms) = preSolution
		Debug|Any CPU = Debug|Any CPU
		Release|Any CPU = Release|Any CPU
	EndGlobalSection
	GlobalSection(NestedProjects) = preSolution
		{7A5BDA83-D42B-4F53-BAA4-6129C7B18189} = {8486CE42-104A-46C7-A047-038D4490BBA7}
		{6C01B301-94C1-4B88-998F-2E1F81780F5C} = {8486CE42-104A-46C7-A047-038D4490BBA7}
		{67750F86-DDD4-43C6-A901-2CF0E964BE2F} = {8486CE42-104A-46C7-A047-038D4490BBA7}
		{A66FBAD9-D49D-4CAF-986B-84D2CDCB15B9} = {8486CE42-104A-46C7-A047-038D4490BBA7}
		{02D3567D-01DC-4BA5-BEEE-D0DABC6900E7} = {7A5BDA83-D42B-4F53-BAA4-6129C7B18189}
		{83A5CB4D-46AE-408F-AE56-BCDECD19A4EB} = {6C01B301-94C1-4B88-998F-2E1F81780F5C}
		{8AC8D29D-FF98-4E4C-8CC8-F2D0AEFD2925} = {67750F86-DDD4-43C6-A901-2CF0E964BE2F}
		{0039BFFF-488E-4894-B067-420C3B1C6055} = {A66FBAD9-D49D-4CAF-986B-84D2CDCB15B9}
	EndGlobalSection
	GlobalSection(ProjectConfigurationPlatforms) = postSolution
		{02D3567D-01DC-4BA5-BEEE-D0DABC6900E7}.Debug|Any CPU.ActiveCfg = Debug|Any CPU
		{02D3567D-01DC-4BA5-BEEE-D0DABC6900E7}.Debug|Any CPU.Build.0 = Debug|Any CPU
		{02D3567D-01DC-4BA5-BEEE-D0DABC6900E7}.Release|Any CPU.ActiveCfg = Release|Any CPU
		{02D3567D-01DC-4BA5-BEEE-D0DABC6900E7}.Release|Any CPU.Build.0 = Release|Any CPU
		{83A5CB4D-46AE-408F-AE56-BCDECD19A4EB}.Debug|Any CPU.ActiveCfg = Debug|Any CPU
		{83A5CB4D-46AE-408F-AE56-BCDECD19A4EB}.Debug|Any CPU.Build.0 = Debug|Any CPU
		{83A5CB4D-46AE-408F-AE56-BCDECD19A4EB}.Release|Any CPU.ActiveCfg = Release|Any CPU
		{83A5CB4D-46AE-408F-AE56-BCDECD19A4EB}.Release|Any CPU.Build.0 = Release|Any CPU
		{8AC8D29D-FF98-4E4C-8CC8-F2D0AEFD2925}.Debug|Any CPU.ActiveCfg = Debug|Any CPU
		{8AC8D29D-FF98-4E4C-8CC8-F2D0AEFD2925}.Debug|Any CPU.Build.0 = Debug|Any CPU
		{8AC8D29D-FF98-4E4C-8CC8-F2D0AEFD2925}.Release|Any CPU.ActiveCfg = Release|Any CPU
		{8AC8D29D-FF98-4E4C-8CC8-F2D0AEFD2925}.Release|Any CPU.Build.0 = Release|Any CPU
		{0039BFFF-488E-4894-B067-420C3B1C6055}.Debug|Any CPU.ActiveCfg = Debug|Any CPU
		{0039BFFF-488E-4894-B067-420C3B1C6055}.Debug|Any CPU.Build.0 = Debug|Any CPU
		{0039BFFF-488E-4894-B067-420C3B1C6055}.Release|Any CPU.ActiveCfg = Release|Any CPU
		{0039BFFF-488E-4894-B067-420C3B1C6055}.Release|Any CPU.Build.0 = Release|Any CPU
	EndGlobalSection
EndGlobal
