
Microsoft Visual Studio Solution File, Format Version 12.00
Project("{2150E333-8FDC-42A3-9474-1A3956D46DE8}") = "Layers", "Layers", "{BF27CE08-EE6C-45BB-88DA-53F262C5B6A6}"
EndProject
Project("{2150E333-8FDC-42A3-9474-1A3956D46DE8}") = "Domain", "Domain", "{BE94C277-13E6-4B9F-8552-A53D725DAF2C}"
EndProject
Project("{2150E333-8FDC-42A3-9474-1A3956D46DE8}") = "Application", "Application", "{93D122D4-027D-4F82-AD01-920A019AEAAB}"
EndProject
Project("{2150E333-8FDC-42A3-9474-1A3956D46DE8}") = "Presentation", "Presentation", "{2FA1FF1E-DD9A-4784-9357-606A13A881D5}"
EndProject
Project("{2150E333-8FDC-42A3-9474-1A3956D46DE8}") = "Infrastructure", "Infrastructure", "{54EC460F-4FAE-4883-BE1E-C60C944C5E19}"
EndProject
Project("{FAE04EC0-301F-11D3-BF4B-00C04F79EFBC}") = "Domain.API", "Layers\Domain\Domain.API\Domain.API.csproj", "{F843C1F6-BC9C-4512-982B-700D3D909B39}"
EndProject
Global
	GlobalSection(SolutionConfigurationPlatforms) = preSolution
		Debug|Any CPU = Debug|Any CPU
		Release|Any CPU = Release|Any CPU
	EndGlobalSection
	GlobalSection(ProjectConfigurationPlatforms) = postSolution
		{F843C1F6-BC9C-4512-982B-700D3D909B39}.Debug|Any CPU.ActiveCfg = Debug|Any CPU
		{F843C1F6-BC9C-4512-982B-700D3D909B39}.Debug|Any CPU.Build.0 = Debug|Any CPU
		{F843C1F6-BC9C-4512-982B-700D3D909B39}.Release|Any CPU.ActiveCfg = Release|Any CPU
		{F843C1F6-BC9C-4512-982B-700D3D909B39}.Release|Any CPU.Build.0 = Release|Any CPU
	EndGlobalSection
	GlobalSection(NestedProjects) = preSolution
		{BE94C277-13E6-4B9F-8552-A53D725DAF2C} = {BF27CE08-EE6C-45BB-88DA-53F262C5B6A6}
		{93D122D4-027D-4F82-AD01-920A019AEAAB} = {BF27CE08-EE6C-45BB-88DA-53F262C5B6A6}
		{2FA1FF1E-DD9A-4784-9357-606A13A881D5} = {BF27CE08-EE6C-45BB-88DA-53F262C5B6A6}
		{54EC460F-4FAE-4883-BE1E-C60C944C5E19} = {BF27CE08-EE6C-45BB-88DA-53F262C5B6A6}
		{F843C1F6-BC9C-4512-982B-700D3D909B39} = {BE94C277-13E6-4B9F-8552-A53D725DAF2C}
	EndGlobalSection
EndGlobal
