
Microsoft Visual Studio Solution File, Format Version 12.00
Project("{2150E333-8FDC-42A3-9474-1A3956D46DE8}") = "Layers", "Layers", "{8486CE42-104A-46C7-A047-038D4490BBA7}"
EndProject
Project("{2150E333-8FDC-42A3-9474-1A3956D46DE8}") = "Application", "Application", "{7A5BDA83-D42B-4F53-BAA4-6129C7B18189}"
EndProject
Project("{2150E333-8FDC-42A3-9474-1A3956D46DE8}") = "Domain", "Domain", "{6C01B301-94C1-4B88-998F-2E1F81780F5C}"
EndProject
Project("{2150E333-8FDC-42A3-9474-1A3956D46DE8}") = "Infrastructure", "Infrastructure", "{67750F86-DDD4-43C6-A901-2CF0E964BE2F}"
EndProject
Project("{2150E333-8FDC-42A3-9474-1A3956D46DE8}") = "Presentation", "Presentation", "{A66FBAD9-D49D-4CAF-986B-84D2CDCB15B9}"
EndProject
Project("{FAE04EC0-301F-11D3-BF4B-00C04F79EFBC}") = "Domain.API", "Layers\Domain\Domain.API\Domain.API.csproj", "{83A5CB4D-46AE-408F-AE56-BCDECD19A4EB}"
EndProject
Project("{FAE04EC0-301F-11D3-BF4B-00C04F79EFBC}") = "Presentation.API", "Layers\Presentation\Presentation.API\Presentation.API.csproj", "{0039BFFF-488E-4894-B067-420C3B1C6055}"
EndProject
Project("{2150E333-8FDC-42A3-9474-1A3956D46DE8}") = "Caching", "Caching", "{3D550FE0-EDE0-4972-81D5-488C3897F806}"
EndProject
Project("{2150E333-8FDC-42A3-9474-1A3956D46DE8}") = "Identity", "Identity", "{F4995EAB-FB3C-425B-9FE9-04E32E9CEE31}"
EndProject
Project("{2150E333-8FDC-42A3-9474-1A3956D46DE8}") = "Notifications", "Notifications", "{F0DABA9D-A61D-404E-AA04-C31AA54D5D25}"
EndProject
Project("{2150E333-8FDC-42A3-9474-1A3956D46DE8}") = "Persistence", "Persistence", "{F72E9545-203E-4080-B4C3-DAE170BF6E7B}"
EndProject
Project("{FAE04EC0-301F-11D3-BF4B-00C04F79EFBC}") = "Infrastructure.Caching.API", "Layers\Infrastructure\Caching\Infrastructure.Caching.API\Infrastructure.Caching.API.csproj", "{EA7E25AE-1751-47C2-9179-367906FAD32B}"
EndProject
Project("{FAE04EC0-301F-11D3-BF4B-00C04F79EFBC}") = "Infrastructure.Identity.API", "Layers\Infrastructure\Identity\Infrastructure.Identity.API\Infrastructure.Identity.API.csproj", "{5A24C9A8-5E76-4E36-A58A-6FAAD559069D}"
EndProject
Project("{FAE04EC0-301F-11D3-BF4B-00C04F79EFBC}") = "Infrastructure.Notifications.API", "Layers\Infrastructure\Notifications\Infrastructure.Notifications.API\Infrastructure.Notifications.API.csproj", "{A41A8AB1-D6C6-444D-9A39-82B3D38A881C}"
EndProject
Project("{FAE04EC0-301F-11D3-BF4B-00C04F79EFBC}") = "Infrastructure.Persistence.API", "Layers\Infrastructure\Persistence\Infrastructure.Persistence.API\Infrastructure.Persistence.API.csproj", "{43709A09-6074-4C6E-82ED-583E183E53A5}"
EndProject
Project("{2150E333-8FDC-42A3-9474-1A3956D46DE8}") = "Paging", "Paging", "{A1D62D37-E5B0-4CDA-B661-1FB938A31197}"
EndProject
Project("{2150E333-8FDC-42A3-9474-1A3956D46DE8}") = "Validation", "Validation", "{CE68747F-D30F-4E0B-8775-056491F6F201}"
EndProject
Project("{FAE04EC0-301F-11D3-BF4B-00C04F79EFBC}") = "Application.Validation.API", "Layers\Application\Validation\Application.Validation.API\Application.Validation.API.csproj", "{B498478D-4271-4E77-B0A2-A3279037FE6D}"
EndProject
Project("{2150E333-8FDC-42A3-9474-1A3956D46DE8}") = "Infrastructure", "Infrastructure", "{CE34DACA-02CE-415E-A232-CDF0F421A2A7}"
EndProject
Project("{2150E333-8FDC-42A3-9474-1A3956D46DE8}") = "Caching", "Caching", "{18C548B4-8052-4F49-A7EB-900A5CCC7A8D}"
EndProject
Project("{FAE04EC0-301F-11D3-BF4B-00C04F79EFBC}") = "Application.Infrastructure.Caching.API", "Layers\Application\Infrastructure\Caching\Application.Infrastructure.Caching.API\Application.Infrastructure.Caching.API.csproj", "{3F5E77B8-F4B0-416C-ACE9-7C6D954B87BD}"
EndProject
Project("{2150E333-8FDC-42A3-9474-1A3956D46DE8}") = "Identity", "Identity", "{FE64FDD3-4904-44E9-85E2-0481E19482CB}"
EndProject
Project("{2150E333-8FDC-42A3-9474-1A3956D46DE8}") = "Notifications", "Notifications", "{8235C9A0-8F01-4391-A1A5-ECF219A86F71}"
EndProject
Project("{2150E333-8FDC-42A3-9474-1A3956D46DE8}") = "Persistence", "Persistence", "{3E0051E7-1917-4627-A2BA-F74F0C9009EB}"
EndProject
Project("{2150E333-8FDC-42A3-9474-1A3956D46DE8}") = "Filtration", "Filtration", "{EA0AA4BB-F50D-4404-86AB-590D8F2A4F89}"
EndProject
Project("{FAE04EC0-301F-11D3-BF4B-00C04F79EFBC}") = "Application.Paging.API", "Layers\Application\Paging\Application.Paging.API\Application.Paging.API.csproj", "{60E1F870-B69B-4365-A483-DD80308744B1}"
EndProject
Project("{FAE04EC0-301F-11D3-BF4B-00C04F79EFBC}") = "Application.Filtration.API", "Layers\Application\Filtration\Application.Filtration.API\Application.Filtration.API.csproj", "{4683427D-A5D2-4459-8EE0-634098911273}"
EndProject
Project("{2150E333-8FDC-42A3-9474-1A3956D46DE8}") = "Storage", "Storage", "{F88E26CF-8B04-4125-B1F8-188519E861F0}"
EndProject
Project("{FAE04EC0-301F-11D3-BF4B-00C04F79EFBC}") = "Application.Infrastructure.Identity.API", "Layers\Application\Infrastructure\Identity\Application.Infrastructure.Identity.API\Application.Infrastructure.Identity.API.csproj", "{68EA23FA-3783-47EE-8767-C9FC24D6A035}"
EndProject
Project("{FAE04EC0-301F-11D3-BF4B-00C04F79EFBC}") = "Application.Infrastructure.Notifications.API", "Layers\Application\Infrastructure\Notifications\Application.Infrastructure.Notifications.API\Application.Infrastructure.Notifications.API.csproj", "{B7151B8F-79C3-4789-A7AF-D0DF61D46CA9}"
EndProject
Project("{FAE04EC0-301F-11D3-BF4B-00C04F79EFBC}") = "Application.Infrastructure.Persistence.API", "Layers\Application\Infrastructure\Persistence\Application.Infrastructure.Persistence.API\Application.Infrastructure.Persistence.API.csproj", "{B8621425-C016-42E7-AEE1-AD6927CCDE40}"
EndProject
Project("{FAE04EC0-301F-11D3-BF4B-00C04F79EFBC}") = "Application.Storage.API", "Layers\Application\Storage\Application.Storage.API\Application.Storage.API.csproj", "{6F081604-5700-4728-8127-967C7DBA56AA}"
EndProject
Project("{2150E333-8FDC-42A3-9474-1A3956D46DE8}") = "EntityFramework", "EntityFramework", "{E455E84C-0C12-4E49-A69B-6492A3B2E7B2}"
EndProject
Project("{FAE04EC0-301F-11D3-BF4B-00C04F79EFBC}") = "Infrastructure.EntityFramework.API", "Layers\Infrastructure\EntityFramework\Infrastructure.EntityFramework.API\Infrastructure.EntityFramework.API.csproj", "{F5DC08D3-96C5-47CC-9A8E-4B12D400808E}"
EndProject
Project("{FAE04EC0-301F-11D3-BF4B-00C04F79EFBC}") = "Application.Storage.UnitTests", "Layers\Application\Storage\Application.Storage.UnitTests\Application.Storage.UnitTests.csproj", "{A76EDC4B-1141-47EE-B98F-CCFFE1CFB4D9}"
EndProject
Global
	GlobalSection(SolutionConfigurationPlatforms) = preSolution
		Debug|Any CPU = Debug|Any CPU
		Release|Any CPU = Release|Any CPU
	EndGlobalSection
	GlobalSection(NestedProjects) = preSolution
		{7A5BDA83-D42B-4F53-BAA4-6129C7B18189} = {8486CE42-104A-46C7-A047-038D4490BBA7}
		{6C01B301-94C1-4B88-998F-2E1F81780F5C} = {8486CE42-104A-46C7-A047-038D4490BBA7}
		{67750F86-DDD4-43C6-A901-2CF0E964BE2F} = {8486CE42-104A-46C7-A047-038D4490BBA7}
		{A66FBAD9-D49D-4CAF-986B-84D2CDCB15B9} = {8486CE42-104A-46C7-A047-038D4490BBA7}
		{83A5CB4D-46AE-408F-AE56-BCDECD19A4EB} = {6C01B301-94C1-4B88-998F-2E1F81780F5C}
		{0039BFFF-488E-4894-B067-420C3B1C6055} = {A66FBAD9-D49D-4CAF-986B-84D2CDCB15B9}
		{3D550FE0-EDE0-4972-81D5-488C3897F806} = {67750F86-DDD4-43C6-A901-2CF0E964BE2F}
		{F4995EAB-FB3C-425B-9FE9-04E32E9CEE31} = {67750F86-DDD4-43C6-A901-2CF0E964BE2F}
		{F0DABA9D-A61D-404E-AA04-C31AA54D5D25} = {67750F86-DDD4-43C6-A901-2CF0E964BE2F}
		{F72E9545-203E-4080-B4C3-DAE170BF6E7B} = {67750F86-DDD4-43C6-A901-2CF0E964BE2F}
		{EA7E25AE-1751-47C2-9179-367906FAD32B} = {3D550FE0-EDE0-4972-81D5-488C3897F806}
		{5A24C9A8-5E76-4E36-A58A-6FAAD559069D} = {F4995EAB-FB3C-425B-9FE9-04E32E9CEE31}
		{A41A8AB1-D6C6-444D-9A39-82B3D38A881C} = {F0DABA9D-A61D-404E-AA04-C31AA54D5D25}
		{43709A09-6074-4C6E-82ED-583E183E53A5} = {F72E9545-203E-4080-B4C3-DAE170BF6E7B}
		{A1D62D37-E5B0-4CDA-B661-1FB938A31197} = {7A5BDA83-D42B-4F53-BAA4-6129C7B18189}
		{CE68747F-D30F-4E0B-8775-056491F6F201} = {7A5BDA83-D42B-4F53-BAA4-6129C7B18189}
		{B498478D-4271-4E77-B0A2-A3279037FE6D} = {CE68747F-D30F-4E0B-8775-056491F6F201}
		{CE34DACA-02CE-415E-A232-CDF0F421A2A7} = {7A5BDA83-D42B-4F53-BAA4-6129C7B18189}
		{18C548B4-8052-4F49-A7EB-900A5CCC7A8D} = {CE34DACA-02CE-415E-A232-CDF0F421A2A7}
		{3F5E77B8-F4B0-416C-ACE9-7C6D954B87BD} = {18C548B4-8052-4F49-A7EB-900A5CCC7A8D}
		{FE64FDD3-4904-44E9-85E2-0481E19482CB} = {CE34DACA-02CE-415E-A232-CDF0F421A2A7}
		{8235C9A0-8F01-4391-A1A5-ECF219A86F71} = {CE34DACA-02CE-415E-A232-CDF0F421A2A7}
		{3E0051E7-1917-4627-A2BA-F74F0C9009EB} = {CE34DACA-02CE-415E-A232-CDF0F421A2A7}
		{EA0AA4BB-F50D-4404-86AB-590D8F2A4F89} = {7A5BDA83-D42B-4F53-BAA4-6129C7B18189}
		{60E1F870-B69B-4365-A483-DD80308744B1} = {A1D62D37-E5B0-4CDA-B661-1FB938A31197}
		{4683427D-A5D2-4459-8EE0-634098911273} = {EA0AA4BB-F50D-4404-86AB-590D8F2A4F89}
		{F88E26CF-8B04-4125-B1F8-188519E861F0} = {7A5BDA83-D42B-4F53-BAA4-6129C7B18189}
		{68EA23FA-3783-47EE-8767-C9FC24D6A035} = {FE64FDD3-4904-44E9-85E2-0481E19482CB}
		{B7151B8F-79C3-4789-A7AF-D0DF61D46CA9} = {8235C9A0-8F01-4391-A1A5-ECF219A86F71}
		{B8621425-C016-42E7-AEE1-AD6927CCDE40} = {3E0051E7-1917-4627-A2BA-F74F0C9009EB}
		{6F081604-5700-4728-8127-967C7DBA56AA} = {F88E26CF-8B04-4125-B1F8-188519E861F0}
		{E455E84C-0C12-4E49-A69B-6492A3B2E7B2} = {67750F86-DDD4-43C6-A901-2CF0E964BE2F}
		{F5DC08D3-96C5-47CC-9A8E-4B12D400808E} = {E455E84C-0C12-4E49-A69B-6492A3B2E7B2}
		{A76EDC4B-1141-47EE-B98F-CCFFE1CFB4D9} = {F88E26CF-8B04-4125-B1F8-188519E861F0}
	EndGlobalSection
	GlobalSection(ProjectConfigurationPlatforms) = postSolution
		{83A5CB4D-46AE-408F-AE56-BCDECD19A4EB}.Debug|Any CPU.ActiveCfg = Debug|Any CPU
		{83A5CB4D-46AE-408F-AE56-BCDECD19A4EB}.Debug|Any CPU.Build.0 = Debug|Any CPU
		{83A5CB4D-46AE-408F-AE56-BCDECD19A4EB}.Release|Any CPU.ActiveCfg = Release|Any CPU
		{83A5CB4D-46AE-408F-AE56-BCDECD19A4EB}.Release|Any CPU.Build.0 = Release|Any CPU
		{0039BFFF-488E-4894-B067-420C3B1C6055}.Debug|Any CPU.ActiveCfg = Debug|Any CPU
		{0039BFFF-488E-4894-B067-420C3B1C6055}.Debug|Any CPU.Build.0 = Debug|Any CPU
		{0039BFFF-488E-4894-B067-420C3B1C6055}.Release|Any CPU.ActiveCfg = Release|Any CPU
		{0039BFFF-488E-4894-B067-420C3B1C6055}.Release|Any CPU.Build.0 = Release|Any CPU
		{EA7E25AE-1751-47C2-9179-367906FAD32B}.Debug|Any CPU.ActiveCfg = Debug|Any CPU
		{EA7E25AE-1751-47C2-9179-367906FAD32B}.Debug|Any CPU.Build.0 = Debug|Any CPU
		{EA7E25AE-1751-47C2-9179-367906FAD32B}.Release|Any CPU.ActiveCfg = Release|Any CPU
		{EA7E25AE-1751-47C2-9179-367906FAD32B}.Release|Any CPU.Build.0 = Release|Any CPU
		{5A24C9A8-5E76-4E36-A58A-6FAAD559069D}.Debug|Any CPU.ActiveCfg = Debug|Any CPU
		{5A24C9A8-5E76-4E36-A58A-6FAAD559069D}.Debug|Any CPU.Build.0 = Debug|Any CPU
		{5A24C9A8-5E76-4E36-A58A-6FAAD559069D}.Release|Any CPU.ActiveCfg = Release|Any CPU
		{5A24C9A8-5E76-4E36-A58A-6FAAD559069D}.Release|Any CPU.Build.0 = Release|Any CPU
		{A41A8AB1-D6C6-444D-9A39-82B3D38A881C}.Debug|Any CPU.ActiveCfg = Debug|Any CPU
		{A41A8AB1-D6C6-444D-9A39-82B3D38A881C}.Debug|Any CPU.Build.0 = Debug|Any CPU
		{A41A8AB1-D6C6-444D-9A39-82B3D38A881C}.Release|Any CPU.ActiveCfg = Release|Any CPU
		{A41A8AB1-D6C6-444D-9A39-82B3D38A881C}.Release|Any CPU.Build.0 = Release|Any CPU
		{43709A09-6074-4C6E-82ED-583E183E53A5}.Debug|Any CPU.ActiveCfg = Debug|Any CPU
		{43709A09-6074-4C6E-82ED-583E183E53A5}.Debug|Any CPU.Build.0 = Debug|Any CPU
		{43709A09-6074-4C6E-82ED-583E183E53A5}.Release|Any CPU.ActiveCfg = Release|Any CPU
		{43709A09-6074-4C6E-82ED-583E183E53A5}.Release|Any CPU.Build.0 = Release|Any CPU
		{B498478D-4271-4E77-B0A2-A3279037FE6D}.Debug|Any CPU.ActiveCfg = Debug|Any CPU
		{B498478D-4271-4E77-B0A2-A3279037FE6D}.Debug|Any CPU.Build.0 = Debug|Any CPU
		{B498478D-4271-4E77-B0A2-A3279037FE6D}.Release|Any CPU.ActiveCfg = Release|Any CPU
		{B498478D-4271-4E77-B0A2-A3279037FE6D}.Release|Any CPU.Build.0 = Release|Any CPU
		{3F5E77B8-F4B0-416C-ACE9-7C6D954B87BD}.Debug|Any CPU.ActiveCfg = Debug|Any CPU
		{3F5E77B8-F4B0-416C-ACE9-7C6D954B87BD}.Debug|Any CPU.Build.0 = Debug|Any CPU
		{3F5E77B8-F4B0-416C-ACE9-7C6D954B87BD}.Release|Any CPU.ActiveCfg = Release|Any CPU
		{3F5E77B8-F4B0-416C-ACE9-7C6D954B87BD}.Release|Any CPU.Build.0 = Release|Any CPU
		{60E1F870-B69B-4365-A483-DD80308744B1}.Debug|Any CPU.ActiveCfg = Debug|Any CPU
		{60E1F870-B69B-4365-A483-DD80308744B1}.Debug|Any CPU.Build.0 = Debug|Any CPU
		{60E1F870-B69B-4365-A483-DD80308744B1}.Release|Any CPU.ActiveCfg = Release|Any CPU
		{60E1F870-B69B-4365-A483-DD80308744B1}.Release|Any CPU.Build.0 = Release|Any CPU
		{4683427D-A5D2-4459-8EE0-634098911273}.Debug|Any CPU.ActiveCfg = Debug|Any CPU
		{4683427D-A5D2-4459-8EE0-634098911273}.Debug|Any CPU.Build.0 = Debug|Any CPU
		{4683427D-A5D2-4459-8EE0-634098911273}.Release|Any CPU.ActiveCfg = Release|Any CPU
		{4683427D-A5D2-4459-8EE0-634098911273}.Release|Any CPU.Build.0 = Release|Any CPU
		{68EA23FA-3783-47EE-8767-C9FC24D6A035}.Debug|Any CPU.ActiveCfg = Debug|Any CPU
		{68EA23FA-3783-47EE-8767-C9FC24D6A035}.Debug|Any CPU.Build.0 = Debug|Any CPU
		{68EA23FA-3783-47EE-8767-C9FC24D6A035}.Release|Any CPU.ActiveCfg = Release|Any CPU
		{68EA23FA-3783-47EE-8767-C9FC24D6A035}.Release|Any CPU.Build.0 = Release|Any CPU
		{B7151B8F-79C3-4789-A7AF-D0DF61D46CA9}.Debug|Any CPU.ActiveCfg = Debug|Any CPU
		{B7151B8F-79C3-4789-A7AF-D0DF61D46CA9}.Debug|Any CPU.Build.0 = Debug|Any CPU
		{B7151B8F-79C3-4789-A7AF-D0DF61D46CA9}.Release|Any CPU.ActiveCfg = Release|Any CPU
		{B7151B8F-79C3-4789-A7AF-D0DF61D46CA9}.Release|Any CPU.Build.0 = Release|Any CPU
		{B8621425-C016-42E7-AEE1-AD6927CCDE40}.Debug|Any CPU.ActiveCfg = Debug|Any CPU
		{B8621425-C016-42E7-AEE1-AD6927CCDE40}.Debug|Any CPU.Build.0 = Debug|Any CPU
		{B8621425-C016-42E7-AEE1-AD6927CCDE40}.Release|Any CPU.ActiveCfg = Release|Any CPU
		{B8621425-C016-42E7-AEE1-AD6927CCDE40}.Release|Any CPU.Build.0 = Release|Any CPU
		{6F081604-5700-4728-8127-967C7DBA56AA}.Debug|Any CPU.ActiveCfg = Debug|Any CPU
		{6F081604-5700-4728-8127-967C7DBA56AA}.Debug|Any CPU.Build.0 = Debug|Any CPU
		{6F081604-5700-4728-8127-967C7DBA56AA}.Release|Any CPU.ActiveCfg = Release|Any CPU
		{6F081604-5700-4728-8127-967C7DBA56AA}.Release|Any CPU.Build.0 = Release|Any CPU
		{F5DC08D3-96C5-47CC-9A8E-4B12D400808E}.Debug|Any CPU.ActiveCfg = Debug|Any CPU
		{F5DC08D3-96C5-47CC-9A8E-4B12D400808E}.Debug|Any CPU.Build.0 = Debug|Any CPU
		{F5DC08D3-96C5-47CC-9A8E-4B12D400808E}.Release|Any CPU.ActiveCfg = Release|Any CPU
		{F5DC08D3-96C5-47CC-9A8E-4B12D400808E}.Release|Any CPU.Build.0 = Release|Any CPU
		{A76EDC4B-1141-47EE-B98F-CCFFE1CFB4D9}.Debug|Any CPU.ActiveCfg = Debug|Any CPU
		{A76EDC4B-1141-47EE-B98F-CCFFE1CFB4D9}.Debug|Any CPU.Build.0 = Debug|Any CPU
		{A76EDC4B-1141-47EE-B98F-CCFFE1CFB4D9}.Release|Any CPU.ActiveCfg = Release|Any CPU
		{A76EDC4B-1141-47EE-B98F-CCFFE1CFB4D9}.Release|Any CPU.Build.0 = Release|Any CPU
	EndGlobalSection
EndGlobal
